
Microsoft Visual Studio Solution File, Format Version 12.00
# Visual Studio 15
VisualStudioVersion = 15.0.28307.572
MinimumVisualStudioVersion = 10.0.40219.1
Project("{FAE04EC0-301F-11D3-BF4B-00C04F79EFBC}") = "MegaMan5PassGenNES", "MegaMan5PassGenNES\MegaMan5PassGenNES.csproj", "{B9A41AF9-5563-47B9-A2EF-354579ED55BE}"
EndProject
Global
	GlobalSection(SolutionConfigurationPlatforms) = preSolution
		Debug|Any CPU = Debug|Any CPU
		Release|Any CPU = Release|Any CPU
	EndGlobalSection
	GlobalSection(ProjectConfigurationPlatforms) = postSolution
		{B9A41AF9-5563-47B9-A2EF-354579ED55BE}.Debug|Any CPU.ActiveCfg = Debug|Any CPU
		{B9A41AF9-5563-47B9-A2EF-354579ED55BE}.Debug|Any CPU.Build.0 = Debug|Any CPU
		{B9A41AF9-5563-47B9-A2EF-354579ED55BE}.Release|Any CPU.ActiveCfg = Release|Any CPU
		{B9A41AF9-5563-47B9-A2EF-354579ED55BE}.Release|Any CPU.Build.0 = Release|Any CPU
	EndGlobalSection
	GlobalSection(SolutionProperties) = preSolution
		HideSolutionNode = FALSE
	EndGlobalSection
	GlobalSection(ExtensibilityGlobals) = postSolution
		SolutionGuid = {63CA9279-2D53-4923-87C5-5996F9CA9927}
	EndGlobalSection
EndGlobal
